
Microsoft Visual Studio Solution File, Format Version 12.00
# Visual Studio Version 17
VisualStudioVersion = 17.4.33213.308
MinimumVisualStudioVersion = 10.0.40219.1
Project("{FAE04EC0-301F-11D3-BF4B-00C04F79EFBC}") = "ModelValidationExample", "ModelValidationExample\ModelValidationExample.csproj", "{C3219DE3-257B-4E50-B1B4-897EE06C7C36}"
EndProject
Global
	GlobalSection(SolutionConfigurationPlatforms) = preSolution
		Debug|Any CPU = Debug|Any CPU
		Release|Any CPU = Release|Any CPU
	EndGlobalSection
	GlobalSection(ProjectConfigurationPlatforms) = postSolution
		{C3219DE3-257B-4E50-B1B4-897EE06C7C36}.Debug|Any CPU.ActiveCfg = Debug|Any CPU
		{C3219DE3-257B-4E50-B1B4-897EE06C7C36}.Debug|Any CPU.Build.0 = Debug|Any CPU
		{C3219DE3-257B-4E50-B1B4-897EE06C7C36}.Release|Any CPU.ActiveCfg = Release|Any CPU
		{C3219DE3-257B-4E50-B1B4-897EE06C7C36}.Release|Any CPU.Build.0 = Release|Any CPU
	EndGlobalSection
	GlobalSection(SolutionProperties) = preSolution
		HideSolutionNode = FALSE
	EndGlobalSection
	GlobalSection(ExtensibilityGlobals) = postSolution
		SolutionGuid = {7AE46D08-6AB5-46CA-9376-24A7969131FB}
	EndGlobalSection
EndGlobal
