
Microsoft Visual Studio Solution File, Format Version 12.00
# Visual Studio Version 17
VisualStudioVersion = 17.4.33213.308
MinimumVisualStudioVersion = 10.0.40219.1
Project("{9A19103F-16F7-4668-BE54-9A1E7A4F7556}") = "Starter", "Starter\Starter.csproj", "{890CB407-073D-4F5C-A4D5-C1F8BB0D9BBE}"
EndProject
Global
	GlobalSection(SolutionConfigurationPlatforms) = preSolution
		Debug|Any CPU = Debug|Any CPU
		Release|Any CPU = Release|Any CPU
	EndGlobalSection
	GlobalSection(ProjectConfigurationPlatforms) = postSolution
		{890CB407-073D-4F5C-A4D5-C1F8BB0D9BBE}.Debug|Any CPU.ActiveCfg = Debug|Any CPU
		{890CB407-073D-4F5C-A4D5-C1F8BB0D9BBE}.Debug|Any CPU.Build.0 = Debug|Any CPU
		{890CB407-073D-4F5C-A4D5-C1F8BB0D9BBE}.Release|Any CPU.ActiveCfg = Release|Any CPU
		{890CB407-073D-4F5C-A4D5-C1F8BB0D9BBE}.Release|Any CPU.Build.0 = Release|Any CPU
	EndGlobalSection
	GlobalSection(SolutionProperties) = preSolution
		HideSolutionNode = FALSE
	EndGlobalSection
	GlobalSection(ExtensibilityGlobals) = postSolution
		SolutionGuid = {2F6FCE86-76D7-4F73-AED3-C58DD070EFEE}
	EndGlobalSection
EndGlobal
