
Microsoft Visual Studio Solution File, Format Version 12.00
# Visual Studio Version 17
VisualStudioVersion = 17.4.33213.308
MinimumVisualStudioVersion = 10.0.40219.1
Project("{FAE04EC0-301F-11D3-BF4B-00C04F79EFBC}") = "RoutingExample", "RoutingExample\RoutingExample.csproj", "{A304760C-8E56-4527-BAB7-72B0D397EDBE}"
EndProject
Global
	GlobalSection(SolutionConfigurationPlatforms) = preSolution
		Debug|Any CPU = Debug|Any CPU
		Release|Any CPU = Release|Any CPU
	EndGlobalSection
	GlobalSection(ProjectConfigurationPlatforms) = postSolution
		{A304760C-8E56-4527-BAB7-72B0D397EDBE}.Debug|Any CPU.ActiveCfg = Debug|Any CPU
		{A304760C-8E56-4527-BAB7-72B0D397EDBE}.Debug|Any CPU.Build.0 = Debug|Any CPU
		{A304760C-8E56-4527-BAB7-72B0D397EDBE}.Release|Any CPU.ActiveCfg = Release|Any CPU
		{A304760C-8E56-4527-BAB7-72B0D397EDBE}.Release|Any CPU.Build.0 = Release|Any CPU
	EndGlobalSection
	GlobalSection(SolutionProperties) = preSolution
		HideSolutionNode = FALSE
	EndGlobalSection
	GlobalSection(ExtensibilityGlobals) = postSolution
		SolutionGuid = {1A5B872A-7B6B-4226-B1E8-3C615CF31C58}
	EndGlobalSection
EndGlobal
