
Microsoft Visual Studio Solution File, Format Version 12.00
# Visual Studio Version 17
VisualStudioVersion = 17.4.33213.308
MinimumVisualStudioVersion = 10.0.40219.1
Project("{FAE04EC0-301F-11D3-BF4B-00C04F79EFBC}") = "Layout View Example", "Layout View Example\Layout View Example.csproj", "{E4891C90-21DA-4CC2-8C7C-BC4A7CC656E1}"
EndProject
Global
	GlobalSection(SolutionConfigurationPlatforms) = preSolution
		Debug|Any CPU = Debug|Any CPU
		Release|Any CPU = Release|Any CPU
	EndGlobalSection
	GlobalSection(ProjectConfigurationPlatforms) = postSolution
		{E4891C90-21DA-4CC2-8C7C-BC4A7CC656E1}.Debug|Any CPU.ActiveCfg = Debug|Any CPU
		{E4891C90-21DA-4CC2-8C7C-BC4A7CC656E1}.Debug|Any CPU.Build.0 = Debug|Any CPU
		{E4891C90-21DA-4CC2-8C7C-BC4A7CC656E1}.Release|Any CPU.ActiveCfg = Release|Any CPU
		{E4891C90-21DA-4CC2-8C7C-BC4A7CC656E1}.Release|Any CPU.Build.0 = Release|Any CPU
	EndGlobalSection
	GlobalSection(SolutionProperties) = preSolution
		HideSolutionNode = FALSE
	EndGlobalSection
	GlobalSection(ExtensibilityGlobals) = postSolution
		SolutionGuid = {11BEA625-0B14-408B-8DCF-C3BA481E1982}
	EndGlobalSection
EndGlobal
