
Microsoft Visual Studio Solution File, Format Version 12.00
# Visual Studio Version 17
VisualStudioVersion = 17.4.33213.308
MinimumVisualStudioVersion = 10.0.40219.1
Project("{FAE04EC0-301F-11D3-BF4B-00C04F79EFBC}") = "ViewsExample", "ViewsExample\ViewsExample.csproj", "{873AE356-AAE6-4601-9A35-5A69F4492CF7}"
EndProject
Global
	GlobalSection(SolutionConfigurationPlatforms) = preSolution
		Debug|Any CPU = Debug|Any CPU
		Release|Any CPU = Release|Any CPU
	EndGlobalSection
	GlobalSection(ProjectConfigurationPlatforms) = postSolution
		{873AE356-AAE6-4601-9A35-5A69F4492CF7}.Debug|Any CPU.ActiveCfg = Debug|Any CPU
		{873AE356-AAE6-4601-9A35-5A69F4492CF7}.Debug|Any CPU.Build.0 = Debug|Any CPU
		{873AE356-AAE6-4601-9A35-5A69F4492CF7}.Release|Any CPU.ActiveCfg = Release|Any CPU
		{873AE356-AAE6-4601-9A35-5A69F4492CF7}.Release|Any CPU.Build.0 = Release|Any CPU
	EndGlobalSection
	GlobalSection(SolutionProperties) = preSolution
		HideSolutionNode = FALSE
	EndGlobalSection
	GlobalSection(ExtensibilityGlobals) = postSolution
		SolutionGuid = {93981C26-5665-48FA-9DC3-DAC18BB9F814}
	EndGlobalSection
EndGlobal
