
Microsoft Visual Studio Solution File, Format Version 12.00
# Visual Studio Version 17
VisualStudioVersion = 17.4.33213.308
MinimumVisualStudioVersion = 10.0.40219.1
Project("{FAE04EC0-301F-11D3-BF4B-00C04F79EFBC}") = "RightOrderOfMiddleware", "RightOrderOfMiddleware\RightOrderOfMiddleware.csproj", "{D704DC6A-2F3D-4915-99A8-84226CF34387}"
EndProject
Global
	GlobalSection(SolutionConfigurationPlatforms) = preSolution
		Debug|Any CPU = Debug|Any CPU
		Release|Any CPU = Release|Any CPU
	EndGlobalSection
	GlobalSection(ProjectConfigurationPlatforms) = postSolution
		{D704DC6A-2F3D-4915-99A8-84226CF34387}.Debug|Any CPU.ActiveCfg = Debug|Any CPU
		{D704DC6A-2F3D-4915-99A8-84226CF34387}.Debug|Any CPU.Build.0 = Debug|Any CPU
		{D704DC6A-2F3D-4915-99A8-84226CF34387}.Release|Any CPU.ActiveCfg = Release|Any CPU
		{D704DC6A-2F3D-4915-99A8-84226CF34387}.Release|Any CPU.Build.0 = Release|Any CPU
	EndGlobalSection
	GlobalSection(SolutionProperties) = preSolution
		HideSolutionNode = FALSE
	EndGlobalSection
	GlobalSection(ExtensibilityGlobals) = postSolution
		SolutionGuid = {496A7598-66E3-460F-8AFE-ABE41D650345}
	EndGlobalSection
EndGlobal
