
Microsoft Visual Studio Solution File, Format Version 12.00
# Visual Studio Version 17
VisualStudioVersion = 17.4.33213.308
MinimumVisualStudioVersion = 10.0.40219.1
Project("{FAE04EC0-301F-11D3-BF4B-00C04F79EFBC}") = "StaticFilesExample", "StaticFilesExample\StaticFilesExample.csproj", "{E5BE561B-D719-4869-B5B8-851AEA7870DA}"
EndProject
Global
	GlobalSection(SolutionConfigurationPlatforms) = preSolution
		Debug|Any CPU = Debug|Any CPU
		Release|Any CPU = Release|Any CPU
	EndGlobalSection
	GlobalSection(ProjectConfigurationPlatforms) = postSolution
		{E5BE561B-D719-4869-B5B8-851AEA7870DA}.Debug|Any CPU.ActiveCfg = Debug|Any CPU
		{E5BE561B-D719-4869-B5B8-851AEA7870DA}.Debug|Any CPU.Build.0 = Debug|Any CPU
		{E5BE561B-D719-4869-B5B8-851AEA7870DA}.Release|Any CPU.ActiveCfg = Release|Any CPU
		{E5BE561B-D719-4869-B5B8-851AEA7870DA}.Release|Any CPU.Build.0 = Release|Any CPU
	EndGlobalSection
	GlobalSection(SolutionProperties) = preSolution
		HideSolutionNode = FALSE
	EndGlobalSection
	GlobalSection(ExtensibilityGlobals) = postSolution
		SolutionGuid = {B9FAF1D4-ED68-4D28-8BB3-014950B41224}
	EndGlobalSection
EndGlobal
